
Microsoft Visual Studio Solution File, Format Version 12.00
# Visual Studio Version 17
VisualStudioVersion = 17.8.34316.72
MinimumVisualStudioVersion = 10.0.40219.1
Project("{9A19103F-16F7-4668-BE54-9A1E7A4F7556}") = "Fundamentos2024", "Fundamentos2024\Fundamentos2024.csproj", "{314C4E67-8CBA-4006-BC6C-9D6247D126B0}"
EndProject
Project("{9A19103F-16F7-4668-BE54-9A1E7A4F7556}") = "ProyectoClases", "ProyectoClases\ProyectoClases.csproj", "{9CC44D7E-6C6F-4944-838D-0C78B85DA7F1}"
EndProject
Project("{9A19103F-16F7-4668-BE54-9A1E7A4F7556}") = "AdoNet", "AdoNet\AdoNet.csproj", "{EC095E74-33BA-4410-8BE6-A3C3CA5EE1DD}"
EndProject
Project("{9A19103F-16F7-4668-BE54-9A1E7A4F7556}") = "NetCoreEF", "NetCoreEF\NetCoreEF.csproj", "{8523AB8F-F71A-4AB0-BAFB-AB06DC7A8FD1}"
EndProject
Project("{9A19103F-16F7-4668-BE54-9A1E7A4F7556}") = "NetCoreEFFinal", "NetCoreEFFinal\NetCoreEFFinal.csproj", "{A6349FB0-16E3-48C3-ABDB-B5D027FB6827}"
EndProject
Project("{FAE04EC0-301F-11D3-BF4B-00C04F79EFBC}") = "ClienteServiciosApi", "ClienteServiciosApi\ClienteServiciosApi.csproj", "{C4D7A938-E694-4C92-B48B-DF47B3C5C43F}"
EndProject
Global
	GlobalSection(SolutionConfigurationPlatforms) = preSolution
		Debug|Any CPU = Debug|Any CPU
		Release|Any CPU = Release|Any CPU
	EndGlobalSection
	GlobalSection(ProjectConfigurationPlatforms) = postSolution
		{314C4E67-8CBA-4006-BC6C-9D6247D126B0}.Debug|Any CPU.ActiveCfg = Debug|Any CPU
		{314C4E67-8CBA-4006-BC6C-9D6247D126B0}.Debug|Any CPU.Build.0 = Debug|Any CPU
		{314C4E67-8CBA-4006-BC6C-9D6247D126B0}.Release|Any CPU.ActiveCfg = Release|Any CPU
		{314C4E67-8CBA-4006-BC6C-9D6247D126B0}.Release|Any CPU.Build.0 = Release|Any CPU
		{9CC44D7E-6C6F-4944-838D-0C78B85DA7F1}.Debug|Any CPU.ActiveCfg = Debug|Any CPU
		{9CC44D7E-6C6F-4944-838D-0C78B85DA7F1}.Debug|Any CPU.Build.0 = Debug|Any CPU
		{9CC44D7E-6C6F-4944-838D-0C78B85DA7F1}.Release|Any CPU.ActiveCfg = Release|Any CPU
		{9CC44D7E-6C6F-4944-838D-0C78B85DA7F1}.Release|Any CPU.Build.0 = Release|Any CPU
		{EC095E74-33BA-4410-8BE6-A3C3CA5EE1DD}.Debug|Any CPU.ActiveCfg = Debug|Any CPU
		{EC095E74-33BA-4410-8BE6-A3C3CA5EE1DD}.Debug|Any CPU.Build.0 = Debug|Any CPU
		{EC095E74-33BA-4410-8BE6-A3C3CA5EE1DD}.Release|Any CPU.ActiveCfg = Release|Any CPU
		{EC095E74-33BA-4410-8BE6-A3C3CA5EE1DD}.Release|Any CPU.Build.0 = Release|Any CPU
		{8523AB8F-F71A-4AB0-BAFB-AB06DC7A8FD1}.Debug|Any CPU.ActiveCfg = Debug|Any CPU
		{8523AB8F-F71A-4AB0-BAFB-AB06DC7A8FD1}.Debug|Any CPU.Build.0 = Debug|Any CPU
		{8523AB8F-F71A-4AB0-BAFB-AB06DC7A8FD1}.Release|Any CPU.ActiveCfg = Release|Any CPU
		{8523AB8F-F71A-4AB0-BAFB-AB06DC7A8FD1}.Release|Any CPU.Build.0 = Release|Any CPU
		{A6349FB0-16E3-48C3-ABDB-B5D027FB6827}.Debug|Any CPU.ActiveCfg = Debug|Any CPU
		{A6349FB0-16E3-48C3-ABDB-B5D027FB6827}.Debug|Any CPU.Build.0 = Debug|Any CPU
		{A6349FB0-16E3-48C3-ABDB-B5D027FB6827}.Release|Any CPU.ActiveCfg = Release|Any CPU
		{A6349FB0-16E3-48C3-ABDB-B5D027FB6827}.Release|Any CPU.Build.0 = Release|Any CPU
		{C4D7A938-E694-4C92-B48B-DF47B3C5C43F}.Debug|Any CPU.ActiveCfg = Debug|Any CPU
		{C4D7A938-E694-4C92-B48B-DF47B3C5C43F}.Debug|Any CPU.Build.0 = Debug|Any CPU
		{C4D7A938-E694-4C92-B48B-DF47B3C5C43F}.Release|Any CPU.ActiveCfg = Release|Any CPU
		{C4D7A938-E694-4C92-B48B-DF47B3C5C43F}.Release|Any CPU.Build.0 = Release|Any CPU
	EndGlobalSection
	GlobalSection(SolutionProperties) = preSolution
		HideSolutionNode = FALSE
	EndGlobalSection
	GlobalSection(ExtensibilityGlobals) = postSolution
		SolutionGuid = {1364356E-7E5A-452E-AB22-D8BA65CE46FC}
	EndGlobalSection
EndGlobal
